
Microsoft Visual Studio Solution File, Format Version 12.00
# Visual Studio Version 17
VisualStudioVersion = 17.0.31903.59
MinimumVisualStudioVersion = 10.0.40219.1
Project("{2150E333-8FDC-42A3-9474-1A3956D46DE8}") = "src", "src", "{827E0CD3-B72D-47B6-A68D-7590B98EB39B}"
EndProject
Project("{FAE04EC0-301F-11D3-BF4B-00C04F79EFBC}") = "Quanto.Domain", "src\Quanto.Domain\Quanto.Domain.csproj", "{E0394EDE-ADBC-4945-85FA-24D7134DFFDD}"
EndProject
Project("{FAE04EC0-301F-11D3-BF4B-00C04F79EFBC}") = "Quanto.Application", "src\Quanto.Application\Quanto.Application.csproj", "{F716C48D-771E-4138-8028-284F6C529618}"
EndProject
Project("{FAE04EC0-301F-11D3-BF4B-00C04F79EFBC}") = "Quanto.Infrastructure", "src\Quanto.Infrastructure\Quanto.Infrastructure.csproj", "{B36349C5-2127-4B6D-B4CA-C0E15AC8BCF7}"
EndProject
Project("{FAE04EC0-301F-11D3-BF4B-00C04F79EFBC}") = "Quanto.Api", "src\Quanto.Api\Quanto.Api.csproj", "{1E9AEA46-CBE2-470A-A0E1-53F07327DE18}"
EndProject
Project("{2150E333-8FDC-42A3-9474-1A3956D46DE8}") = "tests", "tests", "{0AB3BF05-4346-4AA6-1389-037BE0695223}"
EndProject
Project("{FAE04EC0-301F-11D3-BF4B-00C04F79EFBC}") = "Quanto.Domain.Tests", "tests\Quanto.Domain.Tests\Quanto.Domain.Tests.csproj", "{90F2443F-9B0A-45CF-BAF8-78FA597DFCBA}"
EndProject
Project("{FAE04EC0-301F-11D3-BF4B-00C04F79EFBC}") = "Quanto.Application.Tests", "tests\Quanto.Application.Tests\Quanto.Application.Tests.csproj", "{03810684-C944-425D-B905-014DEC7903CE}"
EndProject
Project("{FAE04EC0-301F-11D3-BF4B-00C04F79EFBC}") = "Quanto.Infrastructure.Tests", "tests\Quanto.Infrastructure.Tests\Quanto.Infrastructure.Tests.csproj", "{FAE1649E-3628-46BA-AD36-C002C61E1FF6}"
EndProject
Project("{FAE04EC0-301F-11D3-BF4B-00C04F79EFBC}") = "Quanto.Api.Tests", "tests\Quanto.Api.Tests\Quanto.Api.Tests.csproj", "{78F29E6E-80AF-4D24-BBDF-C06220F27791}"
EndProject
Project("{FAE04EC0-301F-11D3-BF4B-00C04F79EFBC}") = "Quanto.Contracts", "src\Quanto.Contracts\Quanto.Contracts.csproj", "{1297DEEE-8100-466C-8170-9214A638F419}"
EndProject
Project("{2150E333-8FDC-42A3-9474-1A3956D46DE8}") = "Solution Items", "Solution Items", "{02EA681E-C7D8-13C7-8484-4AC65E1B71E8}"
	ProjectSection(SolutionItems) = preProject
		.editorconfig = .editorconfig
	EndProjectSection
EndProject
Global
	GlobalSection(SolutionConfigurationPlatforms) = preSolution
		Debug|Any CPU = Debug|Any CPU
		Debug|x64 = Debug|x64
		Debug|x86 = Debug|x86
		Release|Any CPU = Release|Any CPU
		Release|x64 = Release|x64
		Release|x86 = Release|x86
	EndGlobalSection
	GlobalSection(ProjectConfigurationPlatforms) = postSolution
		{E0394EDE-ADBC-4945-85FA-24D7134DFFDD}.Debug|Any CPU.ActiveCfg = Debug|Any CPU
		{E0394EDE-ADBC-4945-85FA-24D7134DFFDD}.Debug|Any CPU.Build.0 = Debug|Any CPU
		{E0394EDE-ADBC-4945-85FA-24D7134DFFDD}.Debug|x64.ActiveCfg = Debug|Any CPU
		{E0394EDE-ADBC-4945-85FA-24D7134DFFDD}.Debug|x64.Build.0 = Debug|Any CPU
		{E0394EDE-ADBC-4945-85FA-24D7134DFFDD}.Debug|x86.ActiveCfg = Debug|Any CPU
		{E0394EDE-ADBC-4945-85FA-24D7134DFFDD}.Debug|x86.Build.0 = Debug|Any CPU
		{E0394EDE-ADBC-4945-85FA-24D7134DFFDD}.Release|Any CPU.ActiveCfg = Release|Any CPU
		{E0394EDE-ADBC-4945-85FA-24D7134DFFDD}.Release|Any CPU.Build.0 = Release|Any CPU
		{E0394EDE-ADBC-4945-85FA-24D7134DFFDD}.Release|x64.ActiveCfg = Release|Any CPU
		{E0394EDE-ADBC-4945-85FA-24D7134DFFDD}.Release|x64.Build.0 = Release|Any CPU
		{E0394EDE-ADBC-4945-85FA-24D7134DFFDD}.Release|x86.ActiveCfg = Release|Any CPU
		{E0394EDE-ADBC-4945-85FA-24D7134DFFDD}.Release|x86.Build.0 = Release|Any CPU
		{F716C48D-771E-4138-8028-284F6C529618}.Debug|Any CPU.ActiveCfg = Debug|Any CPU
		{F716C48D-771E-4138-8028-284F6C529618}.Debug|Any CPU.Build.0 = Debug|Any CPU
		{F716C48D-771E-4138-8028-284F6C529618}.Debug|x64.ActiveCfg = Debug|Any CPU
		{F716C48D-771E-4138-8028-284F6C529618}.Debug|x64.Build.0 = Debug|Any CPU
		{F716C48D-771E-4138-8028-284F6C529618}.Debug|x86.ActiveCfg = Debug|Any CPU
		{F716C48D-771E-4138-8028-284F6C529618}.Debug|x86.Build.0 = Debug|Any CPU
		{F716C48D-771E-4138-8028-284F6C529618}.Release|Any CPU.ActiveCfg = Release|Any CPU
		{F716C48D-771E-4138-8028-284F6C529618}.Release|Any CPU.Build.0 = Release|Any CPU
		{F716C48D-771E-4138-8028-284F6C529618}.Release|x64.ActiveCfg = Release|Any CPU
		{F716C48D-771E-4138-8028-284F6C529618}.Release|x64.Build.0 = Release|Any CPU
		{F716C48D-771E-4138-8028-284F6C529618}.Release|x86.ActiveCfg = Release|Any CPU
		{F716C48D-771E-4138-8028-284F6C529618}.Release|x86.Build.0 = Release|Any CPU
		{B36349C5-2127-4B6D-B4CA-C0E15AC8BCF7}.Debug|Any CPU.ActiveCfg = Debug|Any CPU
		{B36349C5-2127-4B6D-B4CA-C0E15AC8BCF7}.Debug|Any CPU.Build.0 = Debug|Any CPU
		{B36349C5-2127-4B6D-B4CA-C0E15AC8BCF7}.Debug|x64.ActiveCfg = Debug|Any CPU
		{B36349C5-2127-4B6D-B4CA-C0E15AC8BCF7}.Debug|x64.Build.0 = Debug|Any CPU
		{B36349C5-2127-4B6D-B4CA-C0E15AC8BCF7}.Debug|x86.ActiveCfg = Debug|Any CPU
		{B36349C5-2127-4B6D-B4CA-C0E15AC8BCF7}.Debug|x86.Build.0 = Debug|Any CPU
		{B36349C5-2127-4B6D-B4CA-C0E15AC8BCF7}.Release|Any CPU.ActiveCfg = Release|Any CPU
		{B36349C5-2127-4B6D-B4CA-C0E15AC8BCF7}.Release|Any CPU.Build.0 = Release|Any CPU
		{B36349C5-2127-4B6D-B4CA-C0E15AC8BCF7}.Release|x64.ActiveCfg = Release|Any CPU
		{B36349C5-2127-4B6D-B4CA-C0E15AC8BCF7}.Release|x64.Build.0 = Release|Any CPU
		{B36349C5-2127-4B6D-B4CA-C0E15AC8BCF7}.Release|x86.ActiveCfg = Release|Any CPU
		{B36349C5-2127-4B6D-B4CA-C0E15AC8BCF7}.Release|x86.Build.0 = Release|Any CPU
		{1E9AEA46-CBE2-470A-A0E1-53F07327DE18}.Debug|Any CPU.ActiveCfg = Debug|Any CPU
		{1E9AEA46-CBE2-470A-A0E1-53F07327DE18}.Debug|Any CPU.Build.0 = Debug|Any CPU
		{1E9AEA46-CBE2-470A-A0E1-53F07327DE18}.Debug|x64.ActiveCfg = Debug|Any CPU
		{1E9AEA46-CBE2-470A-A0E1-53F07327DE18}.Debug|x64.Build.0 = Debug|Any CPU
		{1E9AEA46-CBE2-470A-A0E1-53F07327DE18}.Debug|x86.ActiveCfg = Debug|Any CPU
		{1E9AEA46-CBE2-470A-A0E1-53F07327DE18}.Debug|x86.Build.0 = Debug|Any CPU
		{1E9AEA46-CBE2-470A-A0E1-53F07327DE18}.Release|Any CPU.ActiveCfg = Release|Any CPU
		{1E9AEA46-CBE2-470A-A0E1-53F07327DE18}.Release|Any CPU.Build.0 = Release|Any CPU
		{1E9AEA46-CBE2-470A-A0E1-53F07327DE18}.Release|x64.ActiveCfg = Release|Any CPU
		{1E9AEA46-CBE2-470A-A0E1-53F07327DE18}.Release|x64.Build.0 = Release|Any CPU
		{1E9AEA46-CBE2-470A-A0E1-53F07327DE18}.Release|x86.ActiveCfg = Release|Any CPU
		{1E9AEA46-CBE2-470A-A0E1-53F07327DE18}.Release|x86.Build.0 = Release|Any CPU
		{90F2443F-9B0A-45CF-BAF8-78FA597DFCBA}.Debug|Any CPU.ActiveCfg = Debug|Any CPU
		{90F2443F-9B0A-45CF-BAF8-78FA597DFCBA}.Debug|Any CPU.Build.0 = Debug|Any CPU
		{90F2443F-9B0A-45CF-BAF8-78FA597DFCBA}.Debug|x64.ActiveCfg = Debug|Any CPU
		{90F2443F-9B0A-45CF-BAF8-78FA597DFCBA}.Debug|x64.Build.0 = Debug|Any CPU
		{90F2443F-9B0A-45CF-BAF8-78FA597DFCBA}.Debug|x86.ActiveCfg = Debug|Any CPU
		{90F2443F-9B0A-45CF-BAF8-78FA597DFCBA}.Debug|x86.Build.0 = Debug|Any CPU
		{90F2443F-9B0A-45CF-BAF8-78FA597DFCBA}.Release|Any CPU.ActiveCfg = Release|Any CPU
		{90F2443F-9B0A-45CF-BAF8-78FA597DFCBA}.Release|Any CPU.Build.0 = Release|Any CPU
		{90F2443F-9B0A-45CF-BAF8-78FA597DFCBA}.Release|x64.ActiveCfg = Release|Any CPU
		{90F2443F-9B0A-45CF-BAF8-78FA597DFCBA}.Release|x64.Build.0 = Release|Any CPU
		{90F2443F-9B0A-45CF-BAF8-78FA597DFCBA}.Release|x86.ActiveCfg = Release|Any CPU
		{90F2443F-9B0A-45CF-BAF8-78FA597DFCBA}.Release|x86.Build.0 = Release|Any CPU
		{03810684-C944-425D-B905-014DEC7903CE}.Debug|Any CPU.ActiveCfg = Debug|Any CPU
		{03810684-C944-425D-B905-014DEC7903CE}.Debug|Any CPU.Build.0 = Debug|Any CPU
		{03810684-C944-425D-B905-014DEC7903CE}.Debug|x64.ActiveCfg = Debug|Any CPU
		{03810684-C944-425D-B905-014DEC7903CE}.Debug|x64.Build.0 = Debug|Any CPU
		{03810684-C944-425D-B905-014DEC7903CE}.Debug|x86.ActiveCfg = Debug|Any CPU
		{03810684-C944-425D-B905-014DEC7903CE}.Debug|x86.Build.0 = Debug|Any CPU
		{03810684-C944-425D-B905-014DEC7903CE}.Release|Any CPU.ActiveCfg = Release|Any CPU
		{03810684-C944-425D-B905-014DEC7903CE}.Release|Any CPU.Build.0 = Release|Any CPU
		{03810684-C944-425D-B905-014DEC7903CE}.Release|x64.ActiveCfg = Release|Any CPU
		{03810684-C944-425D-B905-014DEC7903CE}.Release|x64.Build.0 = Release|Any CPU
		{03810684-C944-425D-B905-014DEC7903CE}.Release|x86.ActiveCfg = Release|Any CPU
		{03810684-C944-425D-B905-014DEC7903CE}.Release|x86.Build.0 = Release|Any CPU
		{FAE1649E-3628-46BA-AD36-C002C61E1FF6}.Debug|Any CPU.ActiveCfg = Debug|Any CPU
		{FAE1649E-3628-46BA-AD36-C002C61E1FF6}.Debug|Any CPU.Build.0 = Debug|Any CPU
		{FAE1649E-3628-46BA-AD36-C002C61E1FF6}.Debug|x64.ActiveCfg = Debug|Any CPU
		{FAE1649E-3628-46BA-AD36-C002C61E1FF6}.Debug|x64.Build.0 = Debug|Any CPU
		{FAE1649E-3628-46BA-AD36-C002C61E1FF6}.Debug|x86.ActiveCfg = Debug|Any CPU
		{FAE1649E-3628-46BA-AD36-C002C61E1FF6}.Debug|x86.Build.0 = Debug|Any CPU
		{FAE1649E-3628-46BA-AD36-C002C61E1FF6}.Release|Any CPU.ActiveCfg = Release|Any CPU
		{FAE1649E-3628-46BA-AD36-C002C61E1FF6}.Release|Any CPU.Build.0 = Release|Any CPU
		{FAE1649E-3628-46BA-AD36-C002C61E1FF6}.Release|x64.ActiveCfg = Release|Any CPU
		{FAE1649E-3628-46BA-AD36-C002C61E1FF6}.Release|x64.Build.0 = Release|Any CPU
		{FAE1649E-3628-46BA-AD36-C002C61E1FF6}.Release|x86.ActiveCfg = Release|Any CPU
		{FAE1649E-3628-46BA-AD36-C002C61E1FF6}.Release|x86.Build.0 = Release|Any CPU
		{78F29E6E-80AF-4D24-BBDF-C06220F27791}.Debug|Any CPU.ActiveCfg = Debug|Any CPU
		{78F29E6E-80AF-4D24-BBDF-C06220F27791}.Debug|Any CPU.Build.0 = Debug|Any CPU
		{78F29E6E-80AF-4D24-BBDF-C06220F27791}.Debug|x64.ActiveCfg = Debug|Any CPU
		{78F29E6E-80AF-4D24-BBDF-C06220F27791}.Debug|x64.Build.0 = Debug|Any CPU
		{78F29E6E-80AF-4D24-BBDF-C06220F27791}.Debug|x86.ActiveCfg = Debug|Any CPU
		{78F29E6E-80AF-4D24-BBDF-C06220F27791}.Debug|x86.Build.0 = Debug|Any CPU
		{78F29E6E-80AF-4D24-BBDF-C06220F27791}.Release|Any CPU.ActiveCfg = Release|Any CPU
		{78F29E6E-80AF-4D24-BBDF-C06220F27791}.Release|Any CPU.Build.0 = Release|Any CPU
		{78F29E6E-80AF-4D24-BBDF-C06220F27791}.Release|x64.ActiveCfg = Release|Any CPU
		{78F29E6E-80AF-4D24-BBDF-C06220F27791}.Release|x64.Build.0 = Release|Any CPU
		{78F29E6E-80AF-4D24-BBDF-C06220F27791}.Release|x86.ActiveCfg = Release|Any CPU
		{78F29E6E-80AF-4D24-BBDF-C06220F27791}.Release|x86.Build.0 = Release|Any CPU
		{1297DEEE-8100-466C-8170-9214A638F419}.Debug|Any CPU.ActiveCfg = Debug|Any CPU
		{1297DEEE-8100-466C-8170-9214A638F419}.Debug|Any CPU.Build.0 = Debug|Any CPU
		{1297DEEE-8100-466C-8170-9214A638F419}.Debug|x64.ActiveCfg = Debug|Any CPU
		{1297DEEE-8100-466C-8170-9214A638F419}.Debug|x64.Build.0 = Debug|Any CPU
		{1297DEEE-8100-466C-8170-9214A638F419}.Debug|x86.ActiveCfg = Debug|Any CPU
		{1297DEEE-8100-466C-8170-9214A638F419}.Debug|x86.Build.0 = Debug|Any CPU
		{1297DEEE-8100-466C-8170-9214A638F419}.Release|Any CPU.ActiveCfg = Release|Any CPU
		{1297DEEE-8100-466C-8170-9214A638F419}.Release|Any CPU.Build.0 = Release|Any CPU
		{1297DEEE-8100-466C-8170-9214A638F419}.Release|x64.ActiveCfg = Release|Any CPU
		{1297DEEE-8100-466C-8170-9214A638F419}.Release|x64.Build.0 = Release|Any CPU
		{1297DEEE-8100-466C-8170-9214A638F419}.Release|x86.ActiveCfg = Release|Any CPU
		{1297DEEE-8100-466C-8170-9214A638F419}.Release|x86.Build.0 = Release|Any CPU
	EndGlobalSection
	GlobalSection(SolutionProperties) = preSolution
		HideSolutionNode = FALSE
	EndGlobalSection
	GlobalSection(NestedProjects) = preSolution
		{E0394EDE-ADBC-4945-85FA-24D7134DFFDD} = {827E0CD3-B72D-47B6-A68D-7590B98EB39B}
		{F716C48D-771E-4138-8028-284F6C529618} = {827E0CD3-B72D-47B6-A68D-7590B98EB39B}
		{B36349C5-2127-4B6D-B4CA-C0E15AC8BCF7} = {827E0CD3-B72D-47B6-A68D-7590B98EB39B}
		{1E9AEA46-CBE2-470A-A0E1-53F07327DE18} = {827E0CD3-B72D-47B6-A68D-7590B98EB39B}
		{90F2443F-9B0A-45CF-BAF8-78FA597DFCBA} = {0AB3BF05-4346-4AA6-1389-037BE0695223}
		{03810684-C944-425D-B905-014DEC7903CE} = {0AB3BF05-4346-4AA6-1389-037BE0695223}
		{FAE1649E-3628-46BA-AD36-C002C61E1FF6} = {0AB3BF05-4346-4AA6-1389-037BE0695223}
		{78F29E6E-80AF-4D24-BBDF-C06220F27791} = {0AB3BF05-4346-4AA6-1389-037BE0695223}
		{1297DEEE-8100-466C-8170-9214A638F419} = {827E0CD3-B72D-47B6-A68D-7590B98EB39B}
	EndGlobalSection
	GlobalSection(ExtensibilityGlobals) = postSolution
		SolutionGuid = {B568BCA8-1A0F-45D1-A7A2-349E5DAC2E8A}
	EndGlobalSection
EndGlobal
